
Microsoft Visual Studio Solution File, Format Version 12.00
Project("{2150E333-8FDC-42A3-9474-1A3956D46DE8}") = "src", "src", "{BFEB952E-B3C0-4EC9-96E0-CD0CFEDC9843}"
EndProject
Project("{2150E333-8FDC-42A3-9474-1A3956D46DE8}") = "Domain", "Domain", "{5E4302A6-E9DD-4147-A937-617600D59530}"
EndProject
Project("{FAE04EC0-301F-11D3-BF4B-00C04F79EFBC}") = "BulletinBoard.Domain", "src\Domain\BulletinBoard.Domain\BulletinBoard.Domain.csproj", "{FCBBCD98-78BC-4F35-BD53-FADAC3BB5385}"
EndProject
Project("{2150E333-8FDC-42A3-9474-1A3956D46DE8}") = "Application", "Application", "{C3FEF5A4-6A53-4926-952D-8793A6856C28}"
EndProject
Project("{FAE04EC0-301F-11D3-BF4B-00C04F79EFBC}") = "BulletinBoard.Application", "src\Application\BulletinBoard.Application\BulletinBoard.Application.csproj", "{6679AA37-ACE5-4426-ADF7-D7A50AECAA58}"
EndProject
Project("{2150E333-8FDC-42A3-9474-1A3956D46DE8}") = "Infrastructure", "Infrastructure", "{1F759367-FED0-4655-B2A3-FEF69CD9C389}"
EndProject
Project("{FAE04EC0-301F-11D3-BF4B-00C04F79EFBC}") = "BulletinBoard", "src\Infrastructure\BulletinBoard\BulletinBoard.csproj", "{E4A31913-8FBA-47C7-A74D-0F0547392706}"
EndProject
Project("{FAE04EC0-301F-11D3-BF4B-00C04F79EFBC}") = "BulletinBoard.Application.Abstraction", "src\Application\BulletinBoard.Application.Abstraction\BulletinBoard.Application.Abstraction.csproj", "{0E011570-7281-402F-941B-0DC79EBD2F26}"
EndProject
Project("{2150E333-8FDC-42A3-9474-1A3956D46DE8}") = "Dal", "Dal", "{3ED41325-C242-4626-BB51-320A5130A969}"
EndProject
Project("{FAE04EC0-301F-11D3-BF4B-00C04F79EFBC}") = "BulletinBoard.Dal", "src\Infrastructure\Dal\BulletinBoard.Dal\BulletinBoard.Dal.csproj", "{2F65FC9C-1BFF-4B32-A82F-B299DAA3170F}"
EndProject
Project("{2150E333-8FDC-42A3-9474-1A3956D46DE8}") = "API", "API", "{203B9F04-8CA5-4C69-808C-1D50876635A8}"
EndProject
Global
	GlobalSection(SolutionConfigurationPlatforms) = preSolution
		Debug|Any CPU = Debug|Any CPU
		Release|Any CPU = Release|Any CPU
	EndGlobalSection
	GlobalSection(NestedProjects) = preSolution
		{5E4302A6-E9DD-4147-A937-617600D59530} = {BFEB952E-B3C0-4EC9-96E0-CD0CFEDC9843}
		{FCBBCD98-78BC-4F35-BD53-FADAC3BB5385} = {5E4302A6-E9DD-4147-A937-617600D59530}
		{C3FEF5A4-6A53-4926-952D-8793A6856C28} = {BFEB952E-B3C0-4EC9-96E0-CD0CFEDC9843}
		{6679AA37-ACE5-4426-ADF7-D7A50AECAA58} = {C3FEF5A4-6A53-4926-952D-8793A6856C28}
		{1F759367-FED0-4655-B2A3-FEF69CD9C389} = {BFEB952E-B3C0-4EC9-96E0-CD0CFEDC9843}
		{0E011570-7281-402F-941B-0DC79EBD2F26} = {C3FEF5A4-6A53-4926-952D-8793A6856C28}
		{3ED41325-C242-4626-BB51-320A5130A969} = {1F759367-FED0-4655-B2A3-FEF69CD9C389}
		{2F65FC9C-1BFF-4B32-A82F-B299DAA3170F} = {3ED41325-C242-4626-BB51-320A5130A969}
		{203B9F04-8CA5-4C69-808C-1D50876635A8} = {1F759367-FED0-4655-B2A3-FEF69CD9C389}
		{E4A31913-8FBA-47C7-A74D-0F0547392706} = {203B9F04-8CA5-4C69-808C-1D50876635A8}
	EndGlobalSection
	GlobalSection(ProjectConfigurationPlatforms) = postSolution
		{FCBBCD98-78BC-4F35-BD53-FADAC3BB5385}.Debug|Any CPU.ActiveCfg = Debug|Any CPU
		{FCBBCD98-78BC-4F35-BD53-FADAC3BB5385}.Debug|Any CPU.Build.0 = Debug|Any CPU
		{FCBBCD98-78BC-4F35-BD53-FADAC3BB5385}.Release|Any CPU.ActiveCfg = Release|Any CPU
		{FCBBCD98-78BC-4F35-BD53-FADAC3BB5385}.Release|Any CPU.Build.0 = Release|Any CPU
		{6679AA37-ACE5-4426-ADF7-D7A50AECAA58}.Debug|Any CPU.ActiveCfg = Debug|Any CPU
		{6679AA37-ACE5-4426-ADF7-D7A50AECAA58}.Debug|Any CPU.Build.0 = Debug|Any CPU
		{6679AA37-ACE5-4426-ADF7-D7A50AECAA58}.Release|Any CPU.ActiveCfg = Release|Any CPU
		{6679AA37-ACE5-4426-ADF7-D7A50AECAA58}.Release|Any CPU.Build.0 = Release|Any CPU
		{E4A31913-8FBA-47C7-A74D-0F0547392706}.Debug|Any CPU.ActiveCfg = Debug|Any CPU
		{E4A31913-8FBA-47C7-A74D-0F0547392706}.Debug|Any CPU.Build.0 = Debug|Any CPU
		{E4A31913-8FBA-47C7-A74D-0F0547392706}.Release|Any CPU.ActiveCfg = Release|Any CPU
		{E4A31913-8FBA-47C7-A74D-0F0547392706}.Release|Any CPU.Build.0 = Release|Any CPU
		{0E011570-7281-402F-941B-0DC79EBD2F26}.Debug|Any CPU.ActiveCfg = Debug|Any CPU
		{0E011570-7281-402F-941B-0DC79EBD2F26}.Debug|Any CPU.Build.0 = Debug|Any CPU
		{0E011570-7281-402F-941B-0DC79EBD2F26}.Release|Any CPU.ActiveCfg = Release|Any CPU
		{0E011570-7281-402F-941B-0DC79EBD2F26}.Release|Any CPU.Build.0 = Release|Any CPU
		{2F65FC9C-1BFF-4B32-A82F-B299DAA3170F}.Debug|Any CPU.ActiveCfg = Debug|Any CPU
		{2F65FC9C-1BFF-4B32-A82F-B299DAA3170F}.Debug|Any CPU.Build.0 = Debug|Any CPU
		{2F65FC9C-1BFF-4B32-A82F-B299DAA3170F}.Release|Any CPU.ActiveCfg = Release|Any CPU
		{2F65FC9C-1BFF-4B32-A82F-B299DAA3170F}.Release|Any CPU.Build.0 = Release|Any CPU
	EndGlobalSection
EndGlobal
