
Microsoft Visual Studio Solution File, Format Version 12.00
Project("{2150E333-8FDC-42A3-9474-1A3956D46DE8}") = "src", "src", "{BFEB952E-B3C0-4EC9-96E0-CD0CFEDC9843}"
EndProject
Project("{2150E333-8FDC-42A3-9474-1A3956D46DE8}") = "Domain", "Domain", "{5E4302A6-E9DD-4147-A937-617600D59530}"
EndProject
Project("{FAE04EC0-301F-11D3-BF4B-00C04F79EFBC}") = "BulletinBoard.Domain", "src\Domain\BulletinBoard.Domain\BulletinBoard.Domain.csproj", "{FCBBCD98-78BC-4F35-BD53-FADAC3BB5385}"
EndProject
Project("{2150E333-8FDC-42A3-9474-1A3956D46DE8}") = "Application", "Application", "{C3FEF5A4-6A53-4926-952D-8793A6856C28}"
EndProject
Project("{FAE04EC0-301F-11D3-BF4B-00C04F79EFBC}") = "BulletinBoard.Application", "src\Application\BulletinBoard.Application\BulletinBoard.Application.csproj", "{6679AA37-ACE5-4426-ADF7-D7A50AECAA58}"
EndProject
Project("{2150E333-8FDC-42A3-9474-1A3956D46DE8}") = "Infrastructure", "Infrastructure", "{1F759367-FED0-4655-B2A3-FEF69CD9C389}"
EndProject
Project("{FAE04EC0-301F-11D3-BF4B-00C04F79EFBC}") = "BulletinBoard.Infrastructure", "src\Infrastructure\BulletinBoard.Infrastructure\BulletinBoard.Infrastructure.csproj", "{4F3BC878-08A3-4083-8B51-CC31A2A795FF}"
EndProject
Project("{FAE04EC0-301F-11D3-BF4B-00C04F79EFBC}") = "BulletinBoard.WebAPI", "src\Infrastructure\BulletinBoard.WebAPI\BulletinBoard.WebAPI.csproj", "{E4A31913-8FBA-47C7-A74D-0F0547392706}"
EndProject
Project("{FAE04EC0-301F-11D3-BF4B-00C04F79EFBC}") = "BulletinBoard.Contracts", "src\Infrastructure\BulletinBoard.Contracts\BulletinBoard.Contracts.csproj", "{3975FA0B-D8E8-4DA3-BC5A-7D1F3E0739E8}"
EndProject
Global
	GlobalSection(SolutionConfigurationPlatforms) = preSolution
		Debug|Any CPU = Debug|Any CPU
		Release|Any CPU = Release|Any CPU
	EndGlobalSection
	GlobalSection(NestedProjects) = preSolution
		{5E4302A6-E9DD-4147-A937-617600D59530} = {BFEB952E-B3C0-4EC9-96E0-CD0CFEDC9843}
		{FCBBCD98-78BC-4F35-BD53-FADAC3BB5385} = {5E4302A6-E9DD-4147-A937-617600D59530}
		{C3FEF5A4-6A53-4926-952D-8793A6856C28} = {BFEB952E-B3C0-4EC9-96E0-CD0CFEDC9843}
		{6679AA37-ACE5-4426-ADF7-D7A50AECAA58} = {C3FEF5A4-6A53-4926-952D-8793A6856C28}
		{1F759367-FED0-4655-B2A3-FEF69CD9C389} = {BFEB952E-B3C0-4EC9-96E0-CD0CFEDC9843}
		{4F3BC878-08A3-4083-8B51-CC31A2A795FF} = {1F759367-FED0-4655-B2A3-FEF69CD9C389}
		{E4A31913-8FBA-47C7-A74D-0F0547392706} = {1F759367-FED0-4655-B2A3-FEF69CD9C389}
		{3975FA0B-D8E8-4DA3-BC5A-7D1F3E0739E8} = {1F759367-FED0-4655-B2A3-FEF69CD9C389}
	EndGlobalSection
	GlobalSection(ProjectConfigurationPlatforms) = postSolution
		{FCBBCD98-78BC-4F35-BD53-FADAC3BB5385}.Debug|Any CPU.ActiveCfg = Debug|Any CPU
		{FCBBCD98-78BC-4F35-BD53-FADAC3BB5385}.Debug|Any CPU.Build.0 = Debug|Any CPU
		{FCBBCD98-78BC-4F35-BD53-FADAC3BB5385}.Release|Any CPU.ActiveCfg = Release|Any CPU
		{FCBBCD98-78BC-4F35-BD53-FADAC3BB5385}.Release|Any CPU.Build.0 = Release|Any CPU
		{6679AA37-ACE5-4426-ADF7-D7A50AECAA58}.Debug|Any CPU.ActiveCfg = Debug|Any CPU
		{6679AA37-ACE5-4426-ADF7-D7A50AECAA58}.Debug|Any CPU.Build.0 = Debug|Any CPU
		{6679AA37-ACE5-4426-ADF7-D7A50AECAA58}.Release|Any CPU.ActiveCfg = Release|Any CPU
		{6679AA37-ACE5-4426-ADF7-D7A50AECAA58}.Release|Any CPU.Build.0 = Release|Any CPU
		{4F3BC878-08A3-4083-8B51-CC31A2A795FF}.Debug|Any CPU.ActiveCfg = Debug|Any CPU
		{4F3BC878-08A3-4083-8B51-CC31A2A795FF}.Debug|Any CPU.Build.0 = Debug|Any CPU
		{4F3BC878-08A3-4083-8B51-CC31A2A795FF}.Release|Any CPU.ActiveCfg = Release|Any CPU
		{4F3BC878-08A3-4083-8B51-CC31A2A795FF}.Release|Any CPU.Build.0 = Release|Any CPU
		{E4A31913-8FBA-47C7-A74D-0F0547392706}.Debug|Any CPU.ActiveCfg = Debug|Any CPU
		{E4A31913-8FBA-47C7-A74D-0F0547392706}.Debug|Any CPU.Build.0 = Debug|Any CPU
		{E4A31913-8FBA-47C7-A74D-0F0547392706}.Release|Any CPU.ActiveCfg = Release|Any CPU
		{E4A31913-8FBA-47C7-A74D-0F0547392706}.Release|Any CPU.Build.0 = Release|Any CPU
		{3975FA0B-D8E8-4DA3-BC5A-7D1F3E0739E8}.Debug|Any CPU.ActiveCfg = Debug|Any CPU
		{3975FA0B-D8E8-4DA3-BC5A-7D1F3E0739E8}.Debug|Any CPU.Build.0 = Debug|Any CPU
		{3975FA0B-D8E8-4DA3-BC5A-7D1F3E0739E8}.Release|Any CPU.ActiveCfg = Release|Any CPU
		{3975FA0B-D8E8-4DA3-BC5A-7D1F3E0739E8}.Release|Any CPU.Build.0 = Release|Any CPU
	EndGlobalSection
EndGlobal
