Microsoft Visual Studio Solution File, Format Version 12.00
Project("{2150E333-8FDC-42A3-9474-1A3956D46DE8}") = "src", "src", "{BFEB952E-B3C0-4EC9-96E0-CD0CFEDC9843}"
EndProject


Project("{2150E333-8FDC-42A3-9474-1A3956D46DE8}") = "Solution Items", "Solution Items", "{B5742EF8-FC3B-4881-B734-336673A4BD3B}"
	ProjectSection(SolutionItems) = preProject
		docker-compose.yml = docker-compose.yml
	EndProjectSection
EndProject


Project("{2150E333-8FDC-42A3-9474-1A3956D46DE8}") = "Users", "Users", "{7A709031-39EE-40DF-A84F-D625C530001A}"
EndProject

Project("{2150E333-8FDC-42A3-9474-1A3956D46DE8}") = "Domain", "Domain", "{103CF7DC-BA1E-43E4-81C4-FF358CB184B7}"
EndProject
Project("{FAE04EC0-301F-11D3-BF4B-00C04F79EFBC}") = "Users.Domain", "src\Users\Domain\Users.Domain\Users.Domain.csproj", "{EC89078C-46BC-466A-89E0-B2AF765EE1C1}"
EndProject

Project("{2150E333-8FDC-42A3-9474-1A3956D46DE8}") = "Application", "Application", "{D4467CD5-6554-4C49-8D43-B9587A055FC8}"
EndProject
Project("{FAE04EC0-301F-11D3-BF4B-00C04F79EFBC}") = "Users.Application", "src\Users\Application\Users.Application\Users.Application.csproj", "{E1F175A6-D7F6-48D4-9F97-CE9693E1CB1A}"
EndProject
Project("{FAE04EC0-301F-11D3-BF4B-00C04F79EFBC}") = "Users.Application.Abstraction", "src\Users\Application\Users.Application.Abstraction\Users.Application.Abstraction.csproj", "{4BFEFE24-D632-4EDD-929E-73DEA820D3DF}"
EndProject

Project("{2150E333-8FDC-42A3-9474-1A3956D46DE8}") = "Infrastructure", "Infrastructure", "{B54D2C4A-C63D-44D7-869E-8C744778FCCB}"
EndProject
Project("{FAE04EC0-301F-11D3-BF4B-00C04F79EFBC}") = "Users.Dal", "src\Users\Infrastructure\Users.Dal\Users.Dal.csproj", "{BB3BD57F-491A-4399-9D12-3ABB0D0BFDDC}"
EndProject
Project("{FAE04EC0-301F-11D3-BF4B-00C04F79EFBC}") = "Users", "src\Users\Infrastructure\Users\Users.csproj", "{B1C7AB8A-78F1-4A43-AC55-7C2FF8385C80}"
EndProject


Project("{2150E333-8FDC-42A3-9474-1A3956D46DE8}") = "Bulletins", "Bulletins", "{8F4E3396-453B-4C1C-BD2C-E6AE5D7BBB22}"
EndProject

Project("{2150E333-8FDC-42A3-9474-1A3956D46DE8}") = "Domain", "Domain", "{DD033D5F-B443-4EB3-9FE2-4AF0DB574753}"
EndProject
Project("{FAE04EC0-301F-11D3-BF4B-00C04F79EFBC}") = "Bulletins.Domain", "src\Bulletins\Domain\Bulletins.Domain\Bulletins.Domain.csproj", "{FA9E79F1-3F7D-4AD8-9C66-B944E10108DB}"
EndProject

Project("{2150E333-8FDC-42A3-9474-1A3956D46DE8}") = "Application", "Application", "{4E027D45-BDE3-4D98-8C03-D0EED09B963C}"
EndProject
Project("{FAE04EC0-301F-11D3-BF4B-00C04F79EFBC}") = "Bulletins.Application", "src\Bulletins\Application\Bulletins.Application\Bulletins.Application.csproj", "{6679AA37-ACE5-4426-ADF7-D7A50AECAA58}"
EndProject
Project("{FAE04EC0-301F-11D3-BF4B-00C04F79EFBC}") = "Bulletins.Application.Abstraction", "src\Bulletins\Application\Bulletins.Application.Abstraction\Bulletins.Application.Abstraction.csproj", "{0E011570-7281-402F-941B-0DC79EBD2F26}"
EndProject

Project("{2150E333-8FDC-42A3-9474-1A3956D46DE8}") = "Infrastructure", "Infrastructure", "{2B5AB3DE-F325-45A3-A091-D0ED28BE2E04}"
EndProject
Project("{FAE04EC0-301F-11D3-BF4B-00C04F79EFBC}") = "Bulletins.Dal", "src\Bulletins\Infrastructure\Bulletins.Dal\Bulletins.Dal.csproj", "{EBBC6ACF-91C2-4EFE-96A3-009C9187D7B0}"
EndProject
Project("{FAE04EC0-301F-11D3-BF4B-00C04F79EFBC}") = "Bulletins", "src\Bulletins\Infrastructure\Bulletins\Bulletins.csproj", "{03737D74-78AE-4722-8E64-EE2CB845DCED}"
EndProject


Global
	GlobalSection(SolutionConfigurationPlatforms) = preSolution
		Debug|Any CPU = Debug|Any CPU
		Release|Any CPU = Release|Any CPU
	EndGlobalSection
	GlobalSection(NestedProjects) = preSolution
		{7A709031-39EE-40DF-A84F-D625C530001A} = {BFEB952E-B3C0-4EC9-96E0-CD0CFEDC9843}
		{103CF7DC-BA1E-43E4-81C4-FF358CB184B7} = {7A709031-39EE-40DF-A84F-D625C530001A}
		{EC89078C-46BC-466A-89E0-B2AF765EE1C1} = {103CF7DC-BA1E-43E4-81C4-FF358CB184B7}
		{D4467CD5-6554-4C49-8D43-B9587A055FC8} = {7A709031-39EE-40DF-A84F-D625C530001A}
		{E1F175A6-D7F6-48D4-9F97-CE9693E1CB1A} = {D4467CD5-6554-4C49-8D43-B9587A055FC8}
		{4BFEFE24-D632-4EDD-929E-73DEA820D3DF} = {D4467CD5-6554-4C49-8D43-B9587A055FC8}
		{B54D2C4A-C63D-44D7-869E-8C744778FCCB} = {7A709031-39EE-40DF-A84F-D625C530001A}
		{BB3BD57F-491A-4399-9D12-3ABB0D0BFDDC} = {B54D2C4A-C63D-44D7-869E-8C744778FCCB}
		{B1C7AB8A-78F1-4A43-AC55-7C2FF8385C80} = {B54D2C4A-C63D-44D7-869E-8C744778FCCB}
		{8F4E3396-453B-4C1C-BD2C-E6AE5D7BBB22} = {BFEB952E-B3C0-4EC9-96E0-CD0CFEDC9843}
		{DD033D5F-B443-4EB3-9FE2-4AF0DB574753} = {8F4E3396-453B-4C1C-BD2C-E6AE5D7BBB22}
		{4E027D45-BDE3-4D98-8C03-D0EED09B963C} = {8F4E3396-453B-4C1C-BD2C-E6AE5D7BBB22}
		{2B5AB3DE-F325-45A3-A091-D0ED28BE2E04} = {8F4E3396-453B-4C1C-BD2C-E6AE5D7BBB22}
		{FA9E79F1-3F7D-4AD8-9C66-B944E10108DB} = {DD033D5F-B443-4EB3-9FE2-4AF0DB574753}
		{6679AA37-ACE5-4426-ADF7-D7A50AECAA58} = {4E027D45-BDE3-4D98-8C03-D0EED09B963C}
		{0E011570-7281-402F-941B-0DC79EBD2F26} = {4E027D45-BDE3-4D98-8C03-D0EED09B963C}
		{EBBC6ACF-91C2-4EFE-96A3-009C9187D7B0} = {2B5AB3DE-F325-45A3-A091-D0ED28BE2E04}
		{03737D74-78AE-4722-8E64-EE2CB845DCED} = {2B5AB3DE-F325-45A3-A091-D0ED28BE2E04}
	EndGlobalSection
	GlobalSection(ProjectConfigurationPlatforms) = postSolution
		{6679AA37-ACE5-4426-ADF7-D7A50AECAA58}.Debug|Any CPU.ActiveCfg = Debug|Any CPU
								{6679AA37-ACE5-4426-ADF7-D7A50AECAA58}.Debug|Any CPU.Build.0 = Debug|Any CPU
								{6679AA37-ACE5-4426-ADF7-D7A50AECAA58}.Release|Any CPU.ActiveCfg = Release|Any CPU
								{6679AA37-ACE5-4426-ADF7-D7A50AECAA58}.Release|Any CPU.Build.0 = Release|Any CPU
								{0E011570-7281-402F-941B-0DC79EBD2F26}.Debug|Any CPU.ActiveCfg = Debug|Any CPU
								{0E011570-7281-402F-941B-0DC79EBD2F26}.Debug|Any CPU.Build.0 = Debug|Any CPU
								{0E011570-7281-402F-941B-0DC79EBD2F26}.Release|Any CPU.ActiveCfg = Release|Any CPU
								{0E011570-7281-402F-941B-0DC79EBD2F26}.Release|Any CPU.Build.0 = Release|Any CPU
								{EC89078C-46BC-466A-89E0-B2AF765EE1C1}.Debug|Any CPU.ActiveCfg = Debug|Any CPU
								{EC89078C-46BC-466A-89E0-B2AF765EE1C1}.Debug|Any CPU.Build.0 = Debug|Any CPU
								{EC89078C-46BC-466A-89E0-B2AF765EE1C1}.Release|Any CPU.ActiveCfg = Release|Any CPU
								{EC89078C-46BC-466A-89E0-B2AF765EE1C1}.Release|Any CPU.Build.0 = Release|Any CPU
								{E1F175A6-D7F6-48D4-9F97-CE9693E1CB1A}.Debug|Any CPU.ActiveCfg = Debug|Any CPU
								{E1F175A6-D7F6-48D4-9F97-CE9693E1CB1A}.Debug|Any CPU.Build.0 = Debug|Any CPU
								{E1F175A6-D7F6-48D4-9F97-CE9693E1CB1A}.Release|Any CPU.ActiveCfg = Release|Any CPU
								{E1F175A6-D7F6-48D4-9F97-CE9693E1CB1A}.Release|Any CPU.Build.0 = Release|Any CPU
								{4BFEFE24-D632-4EDD-929E-73DEA820D3DF}.Debug|Any CPU.ActiveCfg = Debug|Any CPU
								{4BFEFE24-D632-4EDD-929E-73DEA820D3DF}.Debug|Any CPU.Build.0 = Debug|Any CPU
								{4BFEFE24-D632-4EDD-929E-73DEA820D3DF}.Release|Any CPU.ActiveCfg = Release|Any CPU
								{4BFEFE24-D632-4EDD-929E-73DEA820D3DF}.Release|Any CPU.Build.0 = Release|Any CPU
								{BB3BD57F-491A-4399-9D12-3ABB0D0BFDDC}.Debug|Any CPU.ActiveCfg = Debug|Any CPU
								{BB3BD57F-491A-4399-9D12-3ABB0D0BFDDC}.Debug|Any CPU.Build.0 = Debug|Any CPU
								{BB3BD57F-491A-4399-9D12-3ABB0D0BFDDC}.Release|Any CPU.ActiveCfg = Release|Any CPU
								{BB3BD57F-491A-4399-9D12-3ABB0D0BFDDC}.Release|Any CPU.Build.0 = Release|Any CPU
								{B1C7AB8A-78F1-4A43-AC55-7C2FF8385C80}.Debug|Any CPU.ActiveCfg = Debug|Any CPU
								{B1C7AB8A-78F1-4A43-AC55-7C2FF8385C80}.Debug|Any CPU.Build.0 = Debug|Any CPU
								{B1C7AB8A-78F1-4A43-AC55-7C2FF8385C80}.Release|Any CPU.ActiveCfg = Release|Any CPU
								{B1C7AB8A-78F1-4A43-AC55-7C2FF8385C80}.Release|Any CPU.Build.0 = Release|Any CPU
								{FA9E79F1-3F7D-4AD8-9C66-B944E10108DB}.Debug|Any CPU.ActiveCfg = Debug|Any CPU
								{FA9E79F1-3F7D-4AD8-9C66-B944E10108DB}.Debug|Any CPU.Build.0 = Debug|Any CPU
								{FA9E79F1-3F7D-4AD8-9C66-B944E10108DB}.Release|Any CPU.ActiveCfg = Release|Any CPU
								{FA9E79F1-3F7D-4AD8-9C66-B944E10108DB}.Release|Any CPU.Build.0 = Release|Any CPU
								{EBBC6ACF-91C2-4EFE-96A3-009C9187D7B0}.Debug|Any CPU.ActiveCfg = Debug|Any CPU
								{EBBC6ACF-91C2-4EFE-96A3-009C9187D7B0}.Debug|Any CPU.Build.0 = Debug|Any CPU
								{EBBC6ACF-91C2-4EFE-96A3-009C9187D7B0}.Release|Any CPU.ActiveCfg = Release|Any CPU
								{EBBC6ACF-91C2-4EFE-96A3-009C9187D7B0}.Release|Any CPU.Build.0 = Release|Any CPU
								{03737D74-78AE-4722-8E64-EE2CB845DCED}.Debug|Any CPU.ActiveCfg = Debug|Any CPU
								{03737D74-78AE-4722-8E64-EE2CB845DCED}.Debug|Any CPU.Build.0 = Debug|Any CPU
								{03737D74-78AE-4722-8E64-EE2CB845DCED}.Release|Any CPU.ActiveCfg = Release|Any CPU
								{03737D74-78AE-4722-8E64-EE2CB845DCED}.Release|Any CPU.Build.0 = Release|Any CPU
	EndGlobalSection
EndGlobal
